
Microsoft Visual Studio Solution File, Format Version 12.00
# Visual Studio Version 16
VisualStudioVersion = 16.0.29418.71
MinimumVisualStudioVersion = 10.0.40219.1
Project("{2150E333-8FDC-42A3-9474-1A3956D46DE8}") = "Webs", "Webs", "{132A7F6D-52C6-42FE-89C8-E37515877401}"
EndProject
Project("{2150E333-8FDC-42A3-9474-1A3956D46DE8}") = "Shared", "Shared", "{4B41FEAB-0833-489F-A59E-1E7700D4CA44}"
EndProject
Project("{9A19103F-16F7-4668-BE54-9A1E7A4F7556}") = "XZ.Core", "Shared\XZ.Core\XZ.Core.csproj", "{B467A6C9-2A1A-4DE1-9BAE-090BDAA3E8F8}"
EndProject
Project("{9A19103F-16F7-4668-BE54-9A1E7A4F7556}") = "XZ.Domain.Abstractions", "Shared\XZ.Domain.Abstractions\XZ.Domain.Abstractions.csproj", "{1A8B3509-286B-4C49-A74F-84DD1202C040}"
EndProject
Project("{9A19103F-16F7-4668-BE54-9A1E7A4F7556}") = "XZ.Infrastructure.Core", "Shared\XZ.Infrastructure.Core\XZ.Infrastructure.Core.csproj", "{4DDF2AEE-A042-4348-8F9F-1ADDCA85459D}"
EndProject
Project("{2150E333-8FDC-42A3-9474-1A3956D46DE8}") = "Domain", "Domain", "{EC81F570-1F0B-463A-8891-561DA3AADBF8}"
EndProject
Project("{9A19103F-16F7-4668-BE54-9A1E7A4F7556}") = "XZ.Main.Domain", "Domain\XZ.Main.Domain\XZ.Main.Domain.csproj", "{3474B30D-E05F-4742-8660-AC5E3A539E7D}"
EndProject
Project("{2150E333-8FDC-42A3-9474-1A3956D46DE8}") = "Infrastructure", "Infrastructure", "{B9F92336-5C02-4CF0-8049-C00F0192E508}"
EndProject
Project("{9A19103F-16F7-4668-BE54-9A1E7A4F7556}") = "XZ.Main.Repository", "Infrastructure\XZ.Main.Repository\XZ.Main.Repository.csproj", "{FC990C9C-CC56-4976-BB5A-808F58A17212}"
EndProject
Project("{9A19103F-16F7-4668-BE54-9A1E7A4F7556}") = "XZ.Grpc", "Webs\XZ.GrpcService\XZ.Grpc\XZ.Grpc.csproj", "{6BDA0D4A-9F9A-469F-B1F6-30B94B1D8681}"
EndProject
Project("{9A19103F-16F7-4668-BE54-9A1E7A4F7556}") = "XZ.Gateway", "Webs\XZ.Gateway\XZ.Gateway\XZ.Gateway.csproj", "{3B556DA1-789A-49CC-8AA8-0A4244D18477}"
EndProject
Project("{2150E333-8FDC-42A3-9474-1A3956D46DE8}") = "WebApi", "WebApi", "{E81A1ECA-4CCF-4AA1-96CA-568B473A6088}"
EndProject
Project("{9A19103F-16F7-4668-BE54-9A1E7A4F7556}") = "XZ.Mobile.Aggregator", "WebApi\XZ.Mobile.Aggregator\XZ.Mobile.Aggregator.csproj", "{E94411C5-8849-4834-AC7B-578DB210E7EA}"
EndProject
Project("{9A19103F-16F7-4668-BE54-9A1E7A4F7556}") = "XZ.Mobile.Test", "WebApi\XZ.Mobile.Test\XZ.Mobile.Test.csproj", "{442B99E6-A130-4427-9ED9-FC027D93DBD8}"
EndProject
Project("{FAE04EC0-301F-11D3-BF4B-00C04F79EFBC}") = "XZ.SSO.Ids4", "Webs\XZ.SSO.Ids4\XZ.SSO.Ids4\XZ.SSO.Ids4.csproj", "{9060326D-42C1-438C-A812-DDC1BEE0D919}"
EndProject
Project("{FAE04EC0-301F-11D3-BF4B-00C04F79EFBC}") = "XZ.Pms", "Webs\XZ.Pms\XZ.Pms.csproj", "{4A584F5E-09EF-44FF-BF6A-7C14CEBF8CD2}"
EndProject
Project("{9A19103F-16F7-4668-BE54-9A1E7A4F7556}") = "XZ.Css", "Webs\XZ.Css\XZ.Css.csproj", "{B18936DE-1C67-4162-87B5-03248C6A998F}"
EndProject
Project("{9A19103F-16F7-4668-BE54-9A1E7A4F7556}") = "XZ.My", "Webs\XZ.My\XZ.My.csproj", "{88D1BD5E-2C60-44D5-AC91-3E6DB0470B02}"
EndProject
Global
	GlobalSection(SolutionConfigurationPlatforms) = preSolution
		Debug|Any CPU = Debug|Any CPU
		Release|Any CPU = Release|Any CPU
	EndGlobalSection
	GlobalSection(ProjectConfigurationPlatforms) = postSolution
		{B467A6C9-2A1A-4DE1-9BAE-090BDAA3E8F8}.Debug|Any CPU.ActiveCfg = Debug|Any CPU
		{B467A6C9-2A1A-4DE1-9BAE-090BDAA3E8F8}.Debug|Any CPU.Build.0 = Debug|Any CPU
		{B467A6C9-2A1A-4DE1-9BAE-090BDAA3E8F8}.Release|Any CPU.ActiveCfg = Release|Any CPU
		{B467A6C9-2A1A-4DE1-9BAE-090BDAA3E8F8}.Release|Any CPU.Build.0 = Release|Any CPU
		{1A8B3509-286B-4C49-A74F-84DD1202C040}.Debug|Any CPU.ActiveCfg = Debug|Any CPU
		{1A8B3509-286B-4C49-A74F-84DD1202C040}.Debug|Any CPU.Build.0 = Debug|Any CPU
		{1A8B3509-286B-4C49-A74F-84DD1202C040}.Release|Any CPU.ActiveCfg = Release|Any CPU
		{1A8B3509-286B-4C49-A74F-84DD1202C040}.Release|Any CPU.Build.0 = Release|Any CPU
		{4DDF2AEE-A042-4348-8F9F-1ADDCA85459D}.Debug|Any CPU.ActiveCfg = Debug|Any CPU
		{4DDF2AEE-A042-4348-8F9F-1ADDCA85459D}.Debug|Any CPU.Build.0 = Debug|Any CPU
		{4DDF2AEE-A042-4348-8F9F-1ADDCA85459D}.Release|Any CPU.ActiveCfg = Release|Any CPU
		{4DDF2AEE-A042-4348-8F9F-1ADDCA85459D}.Release|Any CPU.Build.0 = Release|Any CPU
		{3474B30D-E05F-4742-8660-AC5E3A539E7D}.Debug|Any CPU.ActiveCfg = Debug|Any CPU
		{3474B30D-E05F-4742-8660-AC5E3A539E7D}.Debug|Any CPU.Build.0 = Debug|Any CPU
		{3474B30D-E05F-4742-8660-AC5E3A539E7D}.Release|Any CPU.ActiveCfg = Release|Any CPU
		{3474B30D-E05F-4742-8660-AC5E3A539E7D}.Release|Any CPU.Build.0 = Release|Any CPU
		{FC990C9C-CC56-4976-BB5A-808F58A17212}.Debug|Any CPU.ActiveCfg = Debug|Any CPU
		{FC990C9C-CC56-4976-BB5A-808F58A17212}.Debug|Any CPU.Build.0 = Debug|Any CPU
		{FC990C9C-CC56-4976-BB5A-808F58A17212}.Release|Any CPU.ActiveCfg = Release|Any CPU
		{FC990C9C-CC56-4976-BB5A-808F58A17212}.Release|Any CPU.Build.0 = Release|Any CPU
		{6BDA0D4A-9F9A-469F-B1F6-30B94B1D8681}.Debug|Any CPU.ActiveCfg = Debug|Any CPU
		{6BDA0D4A-9F9A-469F-B1F6-30B94B1D8681}.Debug|Any CPU.Build.0 = Debug|Any CPU
		{6BDA0D4A-9F9A-469F-B1F6-30B94B1D8681}.Release|Any CPU.ActiveCfg = Release|Any CPU
		{6BDA0D4A-9F9A-469F-B1F6-30B94B1D8681}.Release|Any CPU.Build.0 = Release|Any CPU
		{3B556DA1-789A-49CC-8AA8-0A4244D18477}.Debug|Any CPU.ActiveCfg = Debug|Any CPU
		{3B556DA1-789A-49CC-8AA8-0A4244D18477}.Debug|Any CPU.Build.0 = Debug|Any CPU
		{3B556DA1-789A-49CC-8AA8-0A4244D18477}.Release|Any CPU.ActiveCfg = Release|Any CPU
		{3B556DA1-789A-49CC-8AA8-0A4244D18477}.Release|Any CPU.Build.0 = Release|Any CPU
		{E94411C5-8849-4834-AC7B-578DB210E7EA}.Debug|Any CPU.ActiveCfg = Debug|Any CPU
		{E94411C5-8849-4834-AC7B-578DB210E7EA}.Debug|Any CPU.Build.0 = Debug|Any CPU
		{E94411C5-8849-4834-AC7B-578DB210E7EA}.Release|Any CPU.ActiveCfg = Release|Any CPU
		{E94411C5-8849-4834-AC7B-578DB210E7EA}.Release|Any CPU.Build.0 = Release|Any CPU
		{442B99E6-A130-4427-9ED9-FC027D93DBD8}.Debug|Any CPU.ActiveCfg = Debug|Any CPU
		{442B99E6-A130-4427-9ED9-FC027D93DBD8}.Debug|Any CPU.Build.0 = Debug|Any CPU
		{442B99E6-A130-4427-9ED9-FC027D93DBD8}.Release|Any CPU.ActiveCfg = Release|Any CPU
		{442B99E6-A130-4427-9ED9-FC027D93DBD8}.Release|Any CPU.Build.0 = Release|Any CPU
		{9060326D-42C1-438C-A812-DDC1BEE0D919}.Debug|Any CPU.ActiveCfg = Debug|Any CPU
		{9060326D-42C1-438C-A812-DDC1BEE0D919}.Debug|Any CPU.Build.0 = Debug|Any CPU
		{9060326D-42C1-438C-A812-DDC1BEE0D919}.Release|Any CPU.ActiveCfg = Release|Any CPU
		{9060326D-42C1-438C-A812-DDC1BEE0D919}.Release|Any CPU.Build.0 = Release|Any CPU
		{4A584F5E-09EF-44FF-BF6A-7C14CEBF8CD2}.Debug|Any CPU.ActiveCfg = Debug|Any CPU
		{4A584F5E-09EF-44FF-BF6A-7C14CEBF8CD2}.Debug|Any CPU.Build.0 = Debug|Any CPU
		{4A584F5E-09EF-44FF-BF6A-7C14CEBF8CD2}.Release|Any CPU.ActiveCfg = Release|Any CPU
		{4A584F5E-09EF-44FF-BF6A-7C14CEBF8CD2}.Release|Any CPU.Build.0 = Release|Any CPU
		{B18936DE-1C67-4162-87B5-03248C6A998F}.Debug|Any CPU.ActiveCfg = Debug|Any CPU
		{B18936DE-1C67-4162-87B5-03248C6A998F}.Debug|Any CPU.Build.0 = Debug|Any CPU
		{B18936DE-1C67-4162-87B5-03248C6A998F}.Release|Any CPU.ActiveCfg = Release|Any CPU
		{B18936DE-1C67-4162-87B5-03248C6A998F}.Release|Any CPU.Build.0 = Release|Any CPU
		{88D1BD5E-2C60-44D5-AC91-3E6DB0470B02}.Debug|Any CPU.ActiveCfg = Debug|Any CPU
		{88D1BD5E-2C60-44D5-AC91-3E6DB0470B02}.Debug|Any CPU.Build.0 = Debug|Any CPU
		{88D1BD5E-2C60-44D5-AC91-3E6DB0470B02}.Release|Any CPU.ActiveCfg = Release|Any CPU
		{88D1BD5E-2C60-44D5-AC91-3E6DB0470B02}.Release|Any CPU.Build.0 = Release|Any CPU
	EndGlobalSection
	GlobalSection(SolutionProperties) = preSolution
		HideSolutionNode = FALSE
	EndGlobalSection
	GlobalSection(NestedProjects) = preSolution
		{B467A6C9-2A1A-4DE1-9BAE-090BDAA3E8F8} = {4B41FEAB-0833-489F-A59E-1E7700D4CA44}
		{1A8B3509-286B-4C49-A74F-84DD1202C040} = {4B41FEAB-0833-489F-A59E-1E7700D4CA44}
		{4DDF2AEE-A042-4348-8F9F-1ADDCA85459D} = {4B41FEAB-0833-489F-A59E-1E7700D4CA44}
		{3474B30D-E05F-4742-8660-AC5E3A539E7D} = {EC81F570-1F0B-463A-8891-561DA3AADBF8}
		{FC990C9C-CC56-4976-BB5A-808F58A17212} = {B9F92336-5C02-4CF0-8049-C00F0192E508}
		{6BDA0D4A-9F9A-469F-B1F6-30B94B1D8681} = {132A7F6D-52C6-42FE-89C8-E37515877401}
		{3B556DA1-789A-49CC-8AA8-0A4244D18477} = {132A7F6D-52C6-42FE-89C8-E37515877401}
		{E94411C5-8849-4834-AC7B-578DB210E7EA} = {E81A1ECA-4CCF-4AA1-96CA-568B473A6088}
		{442B99E6-A130-4427-9ED9-FC027D93DBD8} = {E81A1ECA-4CCF-4AA1-96CA-568B473A6088}
		{9060326D-42C1-438C-A812-DDC1BEE0D919} = {132A7F6D-52C6-42FE-89C8-E37515877401}
		{4A584F5E-09EF-44FF-BF6A-7C14CEBF8CD2} = {132A7F6D-52C6-42FE-89C8-E37515877401}
		{B18936DE-1C67-4162-87B5-03248C6A998F} = {132A7F6D-52C6-42FE-89C8-E37515877401}
		{88D1BD5E-2C60-44D5-AC91-3E6DB0470B02} = {132A7F6D-52C6-42FE-89C8-E37515877401}
	EndGlobalSection
	GlobalSection(ExtensibilityGlobals) = postSolution
		SolutionGuid = {BC5E75D4-C8D3-405B-B601-C4256FE42485}
	EndGlobalSection
EndGlobal
